
Microsoft Visual Studio Solution File, Format Version 12.00
# Visual Studio 2012
Project("{FAE04EC0-301F-11D3-BF4B-00C04F79EFBC}") = "HelloWorld", "HelloWorld\HelloWorld.csproj", "{90836D37-8FA0-414F-83D6-00C8D23731BD}"
EndProject
Project("{2150E333-8FDC-42A3-9474-1A3956D46DE8}") = "Solution Items", "Solution Items", "{6B90D471-10E7-4F11-9301-06359E3B8630}"
	ProjectSection(SolutionItems) = preProject
		GlobalAssemblyInfoKAPSII.cs = GlobalAssemblyInfoKAPSII.cs
	EndProjectSection
EndProject
Global
	GlobalSection(SolutionConfigurationPlatforms) = preSolution
		Debug|Any CPU = Debug|Any CPU
		Release|Any CPU = Release|Any CPU
	EndGlobalSection
	GlobalSection(ProjectConfigurationPlatforms) = postSolution
		{90836D37-8FA0-414F-83D6-00C8D23731BD}.Debug|Any CPU.ActiveCfg = Debug|Any CPU
		{90836D37-8FA0-414F-83D6-00C8D23731BD}.Debug|Any CPU.Build.0 = Debug|Any CPU
		{90836D37-8FA0-414F-83D6-00C8D23731BD}.Release|Any CPU.ActiveCfg = Release|Any CPU
		{90836D37-8FA0-414F-83D6-00C8D23731BD}.Release|Any CPU.Build.0 = Release|Any CPU
	EndGlobalSection
	GlobalSection(SolutionProperties) = preSolution
		HideSolutionNode = FALSE
	EndGlobalSection
EndGlobal
